
Microsoft Visual Studio Solution File, Format Version 12.00
# Visual Studio 15
VisualStudioVersion = 15.0.27428.1
MinimumVisualStudioVersion = 10.0.40219.1
Project("{9A19103F-16F7-4668-BE54-9A1E7A4F7556}") = "CarListing", "CarListing\CarListing.csproj", "{3E08604F-EE37-4A27-835C-BCCAD8D626BC}"
EndProject
Project("{9A19103F-16F7-4668-BE54-9A1E7A4F7556}") = "CarListing.Test", "..\CarListing.Test\CarListing.Test.csproj", "{8B51C9FD-4894-4F83-A49A-6584AE9F2F3A}"
EndProject
Project("{FAE04EC0-301F-11D3-BF4B-00C04F79EFBC}") = "CarListing.UnitTest", "CarListing.UnitTest\CarListing.UnitTest.csproj", "{DCD00A4D-918B-412A-8352-AEC364EA2C92}"
EndProject
Global
	GlobalSection(SolutionConfigurationPlatforms) = preSolution
		Debug|Any CPU = Debug|Any CPU
		Release|Any CPU = Release|Any CPU
	EndGlobalSection
	GlobalSection(ProjectConfigurationPlatforms) = postSolution
		{3E08604F-EE37-4A27-835C-BCCAD8D626BC}.Debug|Any CPU.ActiveCfg = Debug|Any CPU
		{3E08604F-EE37-4A27-835C-BCCAD8D626BC}.Debug|Any CPU.Build.0 = Debug|Any CPU
		{3E08604F-EE37-4A27-835C-BCCAD8D626BC}.Release|Any CPU.ActiveCfg = Release|Any CPU
		{3E08604F-EE37-4A27-835C-BCCAD8D626BC}.Release|Any CPU.Build.0 = Release|Any CPU
		{8B51C9FD-4894-4F83-A49A-6584AE9F2F3A}.Debug|Any CPU.ActiveCfg = Debug|Any CPU
		{8B51C9FD-4894-4F83-A49A-6584AE9F2F3A}.Debug|Any CPU.Build.0 = Debug|Any CPU
		{8B51C9FD-4894-4F83-A49A-6584AE9F2F3A}.Release|Any CPU.ActiveCfg = Release|Any CPU
		{8B51C9FD-4894-4F83-A49A-6584AE9F2F3A}.Release|Any CPU.Build.0 = Release|Any CPU
		{DCD00A4D-918B-412A-8352-AEC364EA2C92}.Debug|Any CPU.ActiveCfg = Debug|Any CPU
		{DCD00A4D-918B-412A-8352-AEC364EA2C92}.Debug|Any CPU.Build.0 = Debug|Any CPU
		{DCD00A4D-918B-412A-8352-AEC364EA2C92}.Release|Any CPU.ActiveCfg = Release|Any CPU
		{DCD00A4D-918B-412A-8352-AEC364EA2C92}.Release|Any CPU.Build.0 = Release|Any CPU
	EndGlobalSection
	GlobalSection(SolutionProperties) = preSolution
		HideSolutionNode = FALSE
	EndGlobalSection
	GlobalSection(ExtensibilityGlobals) = postSolution
		SolutionGuid = {8C1474C6-3DA2-4637-9714-73C602CBE358}
	EndGlobalSection
EndGlobal
